
Microsoft Visual Studio Solution File, Format Version 12.00
# Visual Studio 15
VisualStudioVersion = 15.0.28307.757
MinimumVisualStudioVersion = 10.0.40219.1
Project("{8BC9CEB8-8B4A-11D0-8D11-00A0C91BC942}") = "Encryption", "Encryption\Encryption.vcxproj", "{B93C41AE-301B-454B-BA19-4DBAB19F1415}"
EndProject
Project("{8BC9CEB8-8B4A-11D0-8D11-00A0C91BC942}") = "Encryption_CLR", "Encryption_CLR\Encryption_CLR.vcxproj", "{6D501BE4-4271-48ED-BAB1-69B6FF129911}"
EndProject
Global
	GlobalSection(SolutionConfigurationPlatforms) = preSolution
		Debug|x64 = Debug|x64
		Debug|x86 = Debug|x86
		Release|x64 = Release|x64
		Release|x86 = Release|x86
	EndGlobalSection
	GlobalSection(ProjectConfigurationPlatforms) = postSolution
		{B93C41AE-301B-454B-BA19-4DBAB19F1415}.Debug|x64.ActiveCfg = Debug|x64
		{B93C41AE-301B-454B-BA19-4DBAB19F1415}.Debug|x64.Build.0 = Debug|x64
		{B93C41AE-301B-454B-BA19-4DBAB19F1415}.Debug|x86.ActiveCfg = Debug|Win32
		{B93C41AE-301B-454B-BA19-4DBAB19F1415}.Debug|x86.Build.0 = Debug|Win32
		{B93C41AE-301B-454B-BA19-4DBAB19F1415}.Release|x64.ActiveCfg = Release|x64
		{B93C41AE-301B-454B-BA19-4DBAB19F1415}.Release|x64.Build.0 = Release|x64
		{B93C41AE-301B-454B-BA19-4DBAB19F1415}.Release|x86.ActiveCfg = Release|Win32
		{B93C41AE-301B-454B-BA19-4DBAB19F1415}.Release|x86.Build.0 = Release|Win32
		{6D501BE4-4271-48ED-BAB1-69B6FF129911}.Debug|x64.ActiveCfg = Debug|x64
		{6D501BE4-4271-48ED-BAB1-69B6FF129911}.Debug|x64.Build.0 = Debug|x64
		{6D501BE4-4271-48ED-BAB1-69B6FF129911}.Debug|x86.ActiveCfg = Debug|Win32
		{6D501BE4-4271-48ED-BAB1-69B6FF129911}.Debug|x86.Build.0 = Debug|Win32
		{6D501BE4-4271-48ED-BAB1-69B6FF129911}.Release|x64.ActiveCfg = Release|x64
		{6D501BE4-4271-48ED-BAB1-69B6FF129911}.Release|x64.Build.0 = Release|x64
		{6D501BE4-4271-48ED-BAB1-69B6FF129911}.Release|x86.ActiveCfg = Release|Win32
		{6D501BE4-4271-48ED-BAB1-69B6FF129911}.Release|x86.Build.0 = Release|Win32
	EndGlobalSection
	GlobalSection(SolutionProperties) = preSolution
		HideSolutionNode = FALSE
	EndGlobalSection
	GlobalSection(ExtensibilityGlobals) = postSolution
		SolutionGuid = {FA5E6827-68EB-4C4F-9A73-C63D270DB654}
	EndGlobalSection
EndGlobal
